
Microsoft Visual Studio Solution File, Format Version 11.00
# Visual Studio 2010
# SharpDevelop 5.1
Project("{FAE04EC0-301F-11D3-BF4B-00C04F79EFBC}") = "sonic-final", "sonic-final\sonic-final.csproj", "{958C40D0-5702-4E13-9865-71A4C130018F}"
EndProject
Global
	GlobalSection(SolutionConfigurationPlatforms) = preSolution
		Debug|Any CPU = Debug|Any CPU
		Release|Any CPU = Release|Any CPU
	EndGlobalSection
	GlobalSection(ProjectConfigurationPlatforms) = postSolution
		{958C40D0-5702-4E13-9865-71A4C130018F}.Debug|Any CPU.ActiveCfg = Debug|Any CPU
		{958C40D0-5702-4E13-9865-71A4C130018F}.Debug|Any CPU.Build.0 = Debug|Any CPU
		{958C40D0-5702-4E13-9865-71A4C130018F}.Release|Any CPU.ActiveCfg = Release|Any CPU
		{958C40D0-5702-4E13-9865-71A4C130018F}.Release|Any CPU.Build.0 = Release|Any CPU
	EndGlobalSection
EndGlobal
